
Microsoft Visual Studio Solution File, Format Version 12.00
# Visual Studio Version 17
VisualStudioVersion = 17.6.33815.320
MinimumVisualStudioVersion = 10.0.40219.1
Project("{FAE04EC0-301F-11D3-BF4B-00C04F79EFBC}") = "PruebaTec02KDSB", "PruebaTec02KDSB\PruebaTec02KDSB.csproj", "{4E4E336A-FADA-48E4-9C84-B04B3A579ADB}"
EndProject
Global
	GlobalSection(SolutionConfigurationPlatforms) = preSolution
		Debug|Any CPU = Debug|Any CPU
		Release|Any CPU = Release|Any CPU
	EndGlobalSection
	GlobalSection(ProjectConfigurationPlatforms) = postSolution
		{4E4E336A-FADA-48E4-9C84-B04B3A579ADB}.Debug|Any CPU.ActiveCfg = Debug|Any CPU
		{4E4E336A-FADA-48E4-9C84-B04B3A579ADB}.Debug|Any CPU.Build.0 = Debug|Any CPU
		{4E4E336A-FADA-48E4-9C84-B04B3A579ADB}.Release|Any CPU.ActiveCfg = Release|Any CPU
		{4E4E336A-FADA-48E4-9C84-B04B3A579ADB}.Release|Any CPU.Build.0 = Release|Any CPU
	EndGlobalSection
	GlobalSection(SolutionProperties) = preSolution
		HideSolutionNode = FALSE
	EndGlobalSection
	GlobalSection(ExtensibilityGlobals) = postSolution
		SolutionGuid = {232A29D7-4A45-4AA5-8E83-B3A3CAFF0A75}
	EndGlobalSection
EndGlobal
